
Microsoft Visual Studio Solution File, Format Version 12.00
# Visual Studio Version 17
VisualStudioVersion = 17.14.36414.22 d17.14
MinimumVisualStudioVersion = 10.0.40219.1
Project("{FAE04EC0-301F-11D3-BF4B-00C04F79EFBC}") = "MVVM Example", "MVVM Example\MVVM Example.csproj", "{A6E1EDAB-5A53-427E-9DF1-A113F87EF892}"
EndProject
Global
	GlobalSection(SolutionConfigurationPlatforms) = preSolution
		Debug|Any CPU = Debug|Any CPU
		Release|Any CPU = Release|Any CPU
	EndGlobalSection
	GlobalSection(ProjectConfigurationPlatforms) = postSolution
		{A6E1EDAB-5A53-427E-9DF1-A113F87EF892}.Debug|Any CPU.ActiveCfg = Debug|Any CPU
		{A6E1EDAB-5A53-427E-9DF1-A113F87EF892}.Debug|Any CPU.Build.0 = Debug|Any CPU
		{A6E1EDAB-5A53-427E-9DF1-A113F87EF892}.Release|Any CPU.ActiveCfg = Release|Any CPU
		{A6E1EDAB-5A53-427E-9DF1-A113F87EF892}.Release|Any CPU.Build.0 = Release|Any CPU
	EndGlobalSection
	GlobalSection(SolutionProperties) = preSolution
		HideSolutionNode = FALSE
	EndGlobalSection
	GlobalSection(ExtensibilityGlobals) = postSolution
		SolutionGuid = {300701EB-8428-4113-9559-1C2E8DB03AF5}
	EndGlobalSection
EndGlobal
