
Microsoft Visual Studio Solution File, Format Version 12.00
# Visual Studio Version 17
VisualStudioVersion = 17.14.36414.22
MinimumVisualStudioVersion = 10.0.40219.1
Project("{FAE04EC0-301F-11D3-BF4B-00C04F79EFBC}") = "PokemonCardFinal", "PokemonCardFinal\PokemonCardFinal.csproj", "{DD0C5045-42DD-4C66-91D5-E58D5299A961}"
EndProject
Project("{FAE04EC0-301F-11D3-BF4B-00C04F79EFBC}") = "LogicLayerTest", "LogicLayerTest\LogicLayerTest.csproj", "{AC3C9B71-2FFE-4B19-8D25-D54BB4D43E8D}"
EndProject
Project("{FAE04EC0-301F-11D3-BF4B-00C04F79EFBC}") = "LogicLayer", "LogicLayer\LogicLayer.csproj", "{54BEB437-D1F9-4466-8B4D-AE24067FE96D}"
EndProject
Project("{FAE04EC0-301F-11D3-BF4B-00C04F79EFBC}") = "DataAccess", "DataAccess\DataAccess.csproj", "{55358744-35B9-4143-8AEE-60820369910B}"
EndProject
Project("{FAE04EC0-301F-11D3-BF4B-00C04F79EFBC}") = "DataAccessInterfaces", "DataAccessInterfaces\DataAccessInterfaces.csproj", "{C2B34141-F708-4186-9DB1-5D97C5213590}"
EndProject
Project("{FAE04EC0-301F-11D3-BF4B-00C04F79EFBC}") = "LogicLayerInterfaces", "LogicLayerInterfaces\LogicLayerInterfaces.csproj", "{5116FABE-CDE3-4DFA-A9DC-1816C03FDC60}"
	ProjectSection(ProjectDependencies) = postProject
		{2B055CEA-B234-441C-BF15-07DE5A83D0DE} = {2B055CEA-B234-441C-BF15-07DE5A83D0DE}
	EndProjectSection
EndProject
Project("{FAE04EC0-301F-11D3-BF4B-00C04F79EFBC}") = "DataDomain", "DataDomain\DataDomain.csproj", "{2B055CEA-B234-441C-BF15-07DE5A83D0DE}"
EndProject
Project("{FAE04EC0-301F-11D3-BF4B-00C04F79EFBC}") = "DataAccessFakes", "DataAccessFakes\DataAccessFakes.csproj", "{8282BF67-D6F5-45E3-AAE5-19E7A370D44B}"
EndProject
Global
	GlobalSection(SolutionConfigurationPlatforms) = preSolution
		Debug|Any CPU = Debug|Any CPU
		Release|Any CPU = Release|Any CPU
	EndGlobalSection
	GlobalSection(ProjectConfigurationPlatforms) = postSolution
		{DD0C5045-42DD-4C66-91D5-E58D5299A961}.Debug|Any CPU.ActiveCfg = Debug|Any CPU
		{DD0C5045-42DD-4C66-91D5-E58D5299A961}.Debug|Any CPU.Build.0 = Debug|Any CPU
		{DD0C5045-42DD-4C66-91D5-E58D5299A961}.Release|Any CPU.ActiveCfg = Release|Any CPU
		{DD0C5045-42DD-4C66-91D5-E58D5299A961}.Release|Any CPU.Build.0 = Release|Any CPU
		{AC3C9B71-2FFE-4B19-8D25-D54BB4D43E8D}.Debug|Any CPU.ActiveCfg = Debug|Any CPU
		{AC3C9B71-2FFE-4B19-8D25-D54BB4D43E8D}.Debug|Any CPU.Build.0 = Debug|Any CPU
		{AC3C9B71-2FFE-4B19-8D25-D54BB4D43E8D}.Release|Any CPU.ActiveCfg = Release|Any CPU
		{AC3C9B71-2FFE-4B19-8D25-D54BB4D43E8D}.Release|Any CPU.Build.0 = Release|Any CPU
		{54BEB437-D1F9-4466-8B4D-AE24067FE96D}.Debug|Any CPU.ActiveCfg = Debug|Any CPU
		{54BEB437-D1F9-4466-8B4D-AE24067FE96D}.Debug|Any CPU.Build.0 = Debug|Any CPU
		{54BEB437-D1F9-4466-8B4D-AE24067FE96D}.Release|Any CPU.ActiveCfg = Release|Any CPU
		{54BEB437-D1F9-4466-8B4D-AE24067FE96D}.Release|Any CPU.Build.0 = Release|Any CPU
		{55358744-35B9-4143-8AEE-60820369910B}.Debug|Any CPU.ActiveCfg = Debug|Any CPU
		{55358744-35B9-4143-8AEE-60820369910B}.Debug|Any CPU.Build.0 = Debug|Any CPU
		{55358744-35B9-4143-8AEE-60820369910B}.Release|Any CPU.ActiveCfg = Release|Any CPU
		{55358744-35B9-4143-8AEE-60820369910B}.Release|Any CPU.Build.0 = Release|Any CPU
		{C2B34141-F708-4186-9DB1-5D97C5213590}.Debug|Any CPU.ActiveCfg = Debug|Any CPU
		{C2B34141-F708-4186-9DB1-5D97C5213590}.Debug|Any CPU.Build.0 = Debug|Any CPU
		{C2B34141-F708-4186-9DB1-5D97C5213590}.Release|Any CPU.ActiveCfg = Release|Any CPU
		{C2B34141-F708-4186-9DB1-5D97C5213590}.Release|Any CPU.Build.0 = Release|Any CPU
		{5116FABE-CDE3-4DFA-A9DC-1816C03FDC60}.Debug|Any CPU.ActiveCfg = Debug|Any CPU
		{5116FABE-CDE3-4DFA-A9DC-1816C03FDC60}.Debug|Any CPU.Build.0 = Debug|Any CPU
		{5116FABE-CDE3-4DFA-A9DC-1816C03FDC60}.Release|Any CPU.ActiveCfg = Release|Any CPU
		{5116FABE-CDE3-4DFA-A9DC-1816C03FDC60}.Release|Any CPU.Build.0 = Release|Any CPU
		{2B055CEA-B234-441C-BF15-07DE5A83D0DE}.Debug|Any CPU.ActiveCfg = Debug|Any CPU
		{2B055CEA-B234-441C-BF15-07DE5A83D0DE}.Debug|Any CPU.Build.0 = Debug|Any CPU
		{2B055CEA-B234-441C-BF15-07DE5A83D0DE}.Release|Any CPU.ActiveCfg = Release|Any CPU
		{2B055CEA-B234-441C-BF15-07DE5A83D0DE}.Release|Any CPU.Build.0 = Release|Any CPU
		{8282BF67-D6F5-45E3-AAE5-19E7A370D44B}.Debug|Any CPU.ActiveCfg = Debug|Any CPU
		{8282BF67-D6F5-45E3-AAE5-19E7A370D44B}.Debug|Any CPU.Build.0 = Debug|Any CPU
		{8282BF67-D6F5-45E3-AAE5-19E7A370D44B}.Release|Any CPU.ActiveCfg = Release|Any CPU
		{8282BF67-D6F5-45E3-AAE5-19E7A370D44B}.Release|Any CPU.Build.0 = Release|Any CPU
	EndGlobalSection
	GlobalSection(SolutionProperties) = preSolution
		HideSolutionNode = FALSE
	EndGlobalSection
	GlobalSection(ExtensibilityGlobals) = postSolution
		SolutionGuid = {D1EDA2ED-BA31-4DA1-A253-7F3B0138A8F0}
	EndGlobalSection
EndGlobal
